
Microsoft Visual Studio Solution File, Format Version 12.00
# Visual Studio Version 17
VisualStudioVersion = 17.14.36717.8 d17.14
MinimumVisualStudioVersion = 10.0.40219.1
Project("{FAE04EC0-301F-11D3-BF4B-00C04F79EFBC}") = "EFTBallisticCalculator", "EFTBallisticCalculator.csproj", "{620D3EC5-1D2E-432D-AED4-948AA98642CD}"
EndProject
Global
	GlobalSection(SolutionConfigurationPlatforms) = preSolution
		Debug|Any CPU = Debug|Any CPU
		Release|Any CPU = Release|Any CPU
	EndGlobalSection
	GlobalSection(ProjectConfigurationPlatforms) = postSolution
		{620D3EC5-1D2E-432D-AED4-948AA98642CD}.Debug|Any CPU.ActiveCfg = Debug|Any CPU
		{620D3EC5-1D2E-432D-AED4-948AA98642CD}.Debug|Any CPU.Build.0 = Debug|Any CPU
		{620D3EC5-1D2E-432D-AED4-948AA98642CD}.Release|Any CPU.ActiveCfg = Release|Any CPU
		{620D3EC5-1D2E-432D-AED4-948AA98642CD}.Release|Any CPU.Build.0 = Release|Any CPU
	EndGlobalSection
	GlobalSection(SolutionProperties) = preSolution
		HideSolutionNode = FALSE
	EndGlobalSection
	GlobalSection(ExtensibilityGlobals) = postSolution
		SolutionGuid = {26AB130A-2146-474E-86D5-10AD8993B22B}
	EndGlobalSection
EndGlobal
